<?xml version="1.0" encoding="utf-8"?>
<Project ToolsVersion="4.0" xmlns="http://schemas.microsoft.com/developer/msbuild/2003">
  <ItemGroup>
    <Filter Include="Scenes">
      <UniqueIdentifier>{5fbc83ce-d70d-4c13-8fbc-932972691edf}</UniqueIdentifier>
    </Filter>
    <Filter Include="Contents">
      <UniqueIdentifier>{dc7448e7-48ca-49bb-80d2-b572cc9a40b3}</UniqueIdentifier>
    </Filter>
  </ItemGroup>
  <ItemGroup>
    <ClInclude Include="wbLoadScene.h">
      <Filter>Scenes</Filter>
    </ClInclude>
    <ClInclude Include="wbPlayScene.h">
      <Filter>Scenes</Filter>
    </ClInclude>
    <ClInclude Include="wbPlayer.h">
      <Filter>Contents</Filter>
    </ClInclude>
    <ClInclude Include="wbTitleScene.h" />
    <ClInclude Include="wbLoadResources.h" />
  </ItemGroup>
  <ItemGroup>
    <ClCompile Include="wbPlayScene.cpp">
      <Filter>Scenes</Filter>
    </ClCompile>
    <ClCompile Include="wbPlayer.cpp">
      <Filter>Contents</Filter>
    </ClCompile>
    <ClCompile Include="wbTitleScene.cpp" />
  </ItemGroup>
</Project>